
Microsoft Visual Studio Solution File, Format Version 12.00
# Visual Studio Version 16
VisualStudioVersion = 16.0.28803.156
MinimumVisualStudioVersion = 10.0.40219.1
Project("{8BC9CEB8-8B4A-11D0-8D11-00A0C91BC942}") = "SmileLib", "smilelib\SmileLib.vcxproj", "{060B99B1-FD7B-4C51-B20B-DB0969ACC235}"
EndProject
Project("{8BC9CEB8-8B4A-11D0-8D11-00A0C91BC942}") = "SmileLibTests", "smilelibtests\SmileLibTests.vcxproj", "{57D61308-B534-40C7-8166-3C89EF443243}"
	ProjectSection(ProjectDependencies) = postProject
		{060B99B1-FD7B-4C51-B20B-DB0969ACC235} = {060B99B1-FD7B-4C51-B20B-DB0969ACC235}
	EndProjectSection
EndProject
Project("{2150E333-8FDC-42A3-9474-1A3956D46DE8}") = "Tools", "Tools", "{4FFB24D9-4937-4058-BDE9-6C6EAFA0D730}"
EndProject
Project("{8BC9CEB8-8B4A-11D0-8D11-00A0C91BC942}") = "SmileRunner", "smilerunner\SmileRunner.vcxproj", "{21280C7E-1135-4EFB-82F7-19747FEFFE0F}"
	ProjectSection(ProjectDependencies) = postProject
		{060B99B1-FD7B-4C51-B20B-DB0969ACC235} = {060B99B1-FD7B-4C51-B20B-DB0969ACC235}
	EndProjectSection
EndProject
Project("{FAE04EC0-301F-11D3-BF4B-00C04F79EFBC}") = "UnicodeSetup", "tools\UnicodeSetup\UnicodeSetup.csproj", "{345D47A8-38E8-4C10-A62F-A53751827BC5}"
EndProject
Global
	GlobalSection(SolutionConfigurationPlatforms) = preSolution
		Debug|Any CPU = Debug|Any CPU
		Debug|Win32 = Debug|Win32
		Debug|x64 = Debug|x64
		Release|Any CPU = Release|Any CPU
		Release|Win32 = Release|Win32
		Release|x64 = Release|x64
	EndGlobalSection
	GlobalSection(ProjectConfigurationPlatforms) = postSolution
		{060B99B1-FD7B-4C51-B20B-DB0969ACC235}.Debug|Any CPU.ActiveCfg = Debug|Win32
		{060B99B1-FD7B-4C51-B20B-DB0969ACC235}.Debug|Win32.ActiveCfg = Debug|Win32
		{060B99B1-FD7B-4C51-B20B-DB0969ACC235}.Debug|Win32.Build.0 = Debug|Win32
		{060B99B1-FD7B-4C51-B20B-DB0969ACC235}.Debug|x64.ActiveCfg = Debug|x64
		{060B99B1-FD7B-4C51-B20B-DB0969ACC235}.Debug|x64.Build.0 = Debug|x64
		{060B99B1-FD7B-4C51-B20B-DB0969ACC235}.Release|Any CPU.ActiveCfg = Release|Win32
		{060B99B1-FD7B-4C51-B20B-DB0969ACC235}.Release|Win32.ActiveCfg = Release|Win32
		{060B99B1-FD7B-4C51-B20B-DB0969ACC235}.Release|Win32.Build.0 = Release|Win32
		{060B99B1-FD7B-4C51-B20B-DB0969ACC235}.Release|x64.ActiveCfg = Release|x64
		{060B99B1-FD7B-4C51-B20B-DB0969ACC235}.Release|x64.Build.0 = Release|x64
		{57D61308-B534-40C7-8166-3C89EF443243}.Debug|Any CPU.ActiveCfg = Debug|Win32
		{57D61308-B534-40C7-8166-3C89EF443243}.Debug|Win32.ActiveCfg = Debug|Win32
		{57D61308-B534-40C7-8166-3C89EF443243}.Debug|Win32.Build.0 = Debug|Win32
		{57D61308-B534-40C7-8166-3C89EF443243}.Debug|x64.ActiveCfg = Debug|x64
		{57D61308-B534-40C7-8166-3C89EF443243}.Debug|x64.Build.0 = Debug|x64
		{57D61308-B534-40C7-8166-3C89EF443243}.Release|Any CPU.ActiveCfg = Release|Win32
		{57D61308-B534-40C7-8166-3C89EF443243}.Release|Win32.ActiveCfg = Release|Win32
		{57D61308-B534-40C7-8166-3C89EF443243}.Release|Win32.Build.0 = Release|Win32
		{57D61308-B534-40C7-8166-3C89EF443243}.Release|x64.ActiveCfg = Release|x64
		{57D61308-B534-40C7-8166-3C89EF443243}.Release|x64.Build.0 = Release|x64
		{21280C7E-1135-4EFB-82F7-19747FEFFE0F}.Debug|Any CPU.ActiveCfg = Debug|Win32
		{21280C7E-1135-4EFB-82F7-19747FEFFE0F}.Debug|Win32.ActiveCfg = Debug|Win32
		{21280C7E-1135-4EFB-82F7-19747FEFFE0F}.Debug|Win32.Build.0 = Debug|Win32
		{21280C7E-1135-4EFB-82F7-19747FEFFE0F}.Debug|x64.ActiveCfg = Debug|x64
		{21280C7E-1135-4EFB-82F7-19747FEFFE0F}.Debug|x64.Build.0 = Debug|x64
		{21280C7E-1135-4EFB-82F7-19747FEFFE0F}.Release|Any CPU.ActiveCfg = Release|Win32
		{21280C7E-1135-4EFB-82F7-19747FEFFE0F}.Release|Win32.ActiveCfg = Release|Win32
		{21280C7E-1135-4EFB-82F7-19747FEFFE0F}.Release|Win32.Build.0 = Release|Win32
		{21280C7E-1135-4EFB-82F7-19747FEFFE0F}.Release|x64.ActiveCfg = Release|x64
		{21280C7E-1135-4EFB-82F7-19747FEFFE0F}.Release|x64.Build.0 = Release|x64
		{345D47A8-38E8-4C10-A62F-A53751827BC5}.Debug|Any CPU.ActiveCfg = Debug|Any CPU
		{345D47A8-38E8-4C10-A62F-A53751827BC5}.Debug|Any CPU.Build.0 = Debug|Any CPU
		{345D47A8-38E8-4C10-A62F-A53751827BC5}.Debug|Win32.ActiveCfg = Debug|Any CPU
		{345D47A8-38E8-4C10-A62F-A53751827BC5}.Debug|Win32.Build.0 = Debug|Any CPU
		{345D47A8-38E8-4C10-A62F-A53751827BC5}.Debug|x64.ActiveCfg = Debug|Any CPU
		{345D47A8-38E8-4C10-A62F-A53751827BC5}.Debug|x64.Build.0 = Debug|Any CPU
		{345D47A8-38E8-4C10-A62F-A53751827BC5}.Release|Any CPU.ActiveCfg = Release|Any CPU
		{345D47A8-38E8-4C10-A62F-A53751827BC5}.Release|Any CPU.Build.0 = Release|Any CPU
		{345D47A8-38E8-4C10-A62F-A53751827BC5}.Release|Win32.ActiveCfg = Release|Any CPU
		{345D47A8-38E8-4C10-A62F-A53751827BC5}.Release|Win32.Build.0 = Release|Any CPU
		{345D47A8-38E8-4C10-A62F-A53751827BC5}.Release|x64.ActiveCfg = Release|Any CPU
		{345D47A8-38E8-4C10-A62F-A53751827BC5}.Release|x64.Build.0 = Release|Any CPU
	EndGlobalSection
	GlobalSection(SolutionProperties) = preSolution
		HideSolutionNode = FALSE
	EndGlobalSection
	GlobalSection(NestedProjects) = preSolution
		{345D47A8-38E8-4C10-A62F-A53751827BC5} = {4FFB24D9-4937-4058-BDE9-6C6EAFA0D730}
	EndGlobalSection
	GlobalSection(ExtensibilityGlobals) = postSolution
		SolutionGuid = {47BDF936-60FC-4413-A29B-CD2159196A66}
	EndGlobalSection
EndGlobal
