<?xml version="1.0" encoding="utf-8"?>
<Project ToolsVersion="4.0" xmlns="http://schemas.microsoft.com/developer/msbuild/2003">
  <ItemGroup>
    <ClCompile Include="main.c" />
    <ClCompile Include="stdafx.c" />
    <ClCompile Include="testlib.c" />
    <ClCompile Include="string\stringcore_tests.c">
      <Filter>string</Filter>
    </ClCompile>
    <ClCompile Include="string\stringextra_tests.c">
      <Filter>string</Filter>
    </ClCompile>
    <ClCompile Include="string\stringformat_tests.c">
      <Filter>string</Filter>
    </ClCompile>
    <ClCompile Include="string\stringhtml_tests.c">
      <Filter>string</Filter>
    </ClCompile>
    <ClCompile Include="string\stringparse_tests.c">
      <Filter>string</Filter>
    </ClCompile>
    <ClCompile Include="string\stringunicode_tests.c">
      <Filter>string</Filter>
    </ClCompile>
    <ClCompile Include="dict\int32dict_tests.c">
      <Filter>dict</Filter>
    </ClCompile>
    <ClCompile Include="dict\stringdict_tests.c">
      <Filter>dict</Filter>
    </ClCompile>
    <ClCompile Include="dict\stringintdict_tests.c">
      <Filter>dict</Filter>
    </ClCompile>
    <ClCompile Include="env\symboltable_tests.c">
      <Filter>env</Filter>
    </ClCompile>
    <ClCompile Include="ansicolor-w32.c" />
  </ItemGroup>
  <ItemGroup>
    <ClInclude Include="stdafx.h" />
    <ClInclude Include="testlib.h" />
    <ClInclude Include="ansicolor-w32.h" />
  </ItemGroup>
  <ItemGroup>
    <Filter Include="string">
      <UniqueIdentifier>{57df2134-4099-4509-b515-a5d0e149e365}</UniqueIdentifier>
    </Filter>
    <Filter Include="dict">
      <UniqueIdentifier>{233ea057-cf92-4f61-85c3-e7b57363cf2e}</UniqueIdentifier>
    </Filter>
    <Filter Include="env">
      <UniqueIdentifier>{a48276c9-2fbd-4004-a3c1-95516177f792}</UniqueIdentifier>
    </Filter>
    <Filter Include="smiletypes">
      <UniqueIdentifier>{4f4f275d-3708-487c-8e56-26655d7c8708}</UniqueIdentifier>
    </Filter>
  </ItemGroup>
  <ItemGroup>
    <None Include="string\stringcore_tests.generated.inc">
      <Filter>string</Filter>
    </None>
    <None Include="string\stringextra_tests.generated.inc">
      <Filter>string</Filter>
    </None>
    <None Include="string\stringformat_tests.generated.inc">
      <Filter>string</Filter>
    </None>
    <None Include="string\stringhtml_tests.generated.inc">
      <Filter>string</Filter>
    </None>
    <None Include="testsuites.generated.inc" />
    <None Include="string\stringparse_tests.generated.inc">
      <Filter>string</Filter>
    </None>
    <None Include="string\stringunicode_tests.generated.inc">
      <Filter>string</Filter>
    </None>
    <None Include="dict\int32dict_tests.generated.inc">
      <Filter>dict</Filter>
    </None>
    <None Include="dict\stringdict_tests.generated.inc">
      <Filter>dict</Filter>
    </None>
    <None Include="dict\stringintdict_tests.generated.inc">
      <Filter>dict</Filter>
    </None>
  </ItemGroup>
</Project>