<?xml version="1.0" encoding="utf-8"?>
<Project ToolsVersion="4.0" xmlns="http://schemas.microsoft.com/developer/msbuild/2003">
  <ItemGroup>
    <ClCompile Include="main.c" />
    <ClCompile Include="stdafx.c" />
    <ClCompile Include="testlib.c" />
    <ClCompile Include="string\stringcore_tests.c">
      <Filter>string</Filter>
    </ClCompile>
    <ClCompile Include="string\stringextra_tests.c">
      <Filter>string</Filter>
    </ClCompile>
    <ClCompile Include="string\stringformat_tests.c">
      <Filter>string</Filter>
    </ClCompile>
    <ClCompile Include="string\stringhtml_tests.c">
      <Filter>string</Filter>
    </ClCompile>
    <ClCompile Include="string\stringparse_tests.c">
      <Filter>string</Filter>
    </ClCompile>
    <ClCompile Include="string\stringunicode_tests.c">
      <Filter>string</Filter>
    </ClCompile>
    <ClCompile Include="dict\int32dict_tests.c">
      <Filter>dict</Filter>
    </ClCompile>
    <ClCompile Include="dict\stringdict_tests.c">
      <Filter>dict</Filter>
    </ClCompile>
    <ClCompile Include="dict\stringintdict_tests.c">
      <Filter>dict</Filter>
    </ClCompile>
    <ClCompile Include="env\symboltable_tests.c">
      <Filter>env</Filter>
    </ClCompile>
    <ClCompile Include="numeric\real128_tests.c">
      <Filter>numeric</Filter>
    </ClCompile>
    <ClCompile Include="numeric\real32_tests.c">
      <Filter>numeric</Filter>
    </ClCompile>
    <ClCompile Include="numeric\real64_tests.c">
      <Filter>numeric</Filter>
    </ClCompile>
    <ClCompile Include="parsing\lexer\lexercore_tests.c">
      <Filter>parsing\lexer</Filter>
    </ClCompile>
    <ClCompile Include="parsing\lexer\lexeridentifier_tests.c">
      <Filter>parsing\lexer</Filter>
    </ClCompile>
    <ClCompile Include="parsing\lexer\lexerpunctuation_tests.c">
      <Filter>parsing\lexer</Filter>
    </ClCompile>
    <ClCompile Include="parsing\lexer\lexerstring_tests.c">
      <Filter>parsing\lexer</Filter>
    </ClCompile>
    <ClCompile Include="parsing\lexer\lexernumber_tests.c">
      <Filter>parsing\lexer</Filter>
    </ClCompile>
    <ClCompile Include="parsing\lexer\lexerunicode_tests.c">
      <Filter>parsing\lexer</Filter>
    </ClCompile>
    <ClCompile Include="parsing\lexer\lexerloanword_tests.c" />
    <ClCompile Include="parsing\parser\parsercore_tests.c">
      <Filter>parsing\parser</Filter>
    </ClCompile>
    <ClCompile Include="parsing\parser\testhelpers.c">
      <Filter>parsing\parser</Filter>
    </ClCompile>
    <ClCompile Include="parsing\parser\parserfunc_tests.c">
      <Filter>parsing\parser</Filter>
    </ClCompile>
    <ClCompile Include="parsing\parser\parserstring_tests.c">
      <Filter>parsing\parser</Filter>
    </ClCompile>
    <ClCompile Include="parsing\parser\parserterm_tests.c">
      <Filter>parsing\parser</Filter>
    </ClCompile>
    <ClCompile Include="parsing\parser\parsernew_tests.c">
      <Filter>parsing\parser</Filter>
    </ClCompile>
    <ClCompile Include="parsing\parser\parserquote_tests.c">
      <Filter>parsing\parser</Filter>
    </ClCompile>
    <ClCompile Include="parsing\parser\parsersyntax_decl_tests.c">
      <Filter>parsing\parser</Filter>
    </ClCompile>
    <ClCompile Include="parsing\parser\parsersyntax_table_tests.c">
      <Filter>parsing\parser</Filter>
    </ClCompile>
    <ClCompile Include="parsing\parser\parsersyntax_walk_tests.c">
      <Filter>parsing\parser</Filter>
    </ClCompile>
    <ClCompile Include="parsing\parser\parsersyntax_validate_tests.c">
      <Filter>parsing\parser</Filter>
    </ClCompile>
    <ClCompile Include="eval\bytecode_tests.c">
      <Filter>eval</Filter>
    </ClCompile>
    <ClCompile Include="eval\compiler_tests.c">
      <Filter>eval</Filter>
    </ClCompile>
    <ClCompile Include="eval\eval_tests.c">
      <Filter>eval</Filter>
    </ClCompile>
    <ClCompile Include="parsing\parser\parserclassic_tests.c">
      <Filter>parsing\parser</Filter>
    </ClCompile>
    <ClCompile Include="dict\pointerset_tests.c">
      <Filter>dict</Filter>
    </ClCompile>
    <ClCompile Include="parsing\parser\parserstmt_tests.c">
      <Filter>parsing\parser</Filter>
    </ClCompile>
    <ClCompile Include="eval\evalconstant_tests.c" />
    <ClCompile Include="eval\evalcore_tests.c" />
  </ItemGroup>
  <ItemGroup>
    <ClInclude Include="stdafx.h" />
    <ClInclude Include="testlib.h" />
    <ClInclude Include="parsing\parser\testhelpers.h">
      <Filter>parsing\parser</Filter>
    </ClInclude>
  </ItemGroup>
  <ItemGroup>
    <Filter Include="string">
      <UniqueIdentifier>{57df2134-4099-4509-b515-a5d0e149e365}</UniqueIdentifier>
    </Filter>
    <Filter Include="dict">
      <UniqueIdentifier>{233ea057-cf92-4f61-85c3-e7b57363cf2e}</UniqueIdentifier>
    </Filter>
    <Filter Include="env">
      <UniqueIdentifier>{a48276c9-2fbd-4004-a3c1-95516177f792}</UniqueIdentifier>
    </Filter>
    <Filter Include="smiletypes">
      <UniqueIdentifier>{4f4f275d-3708-487c-8e56-26655d7c8708}</UniqueIdentifier>
    </Filter>
    <Filter Include="numeric">
      <UniqueIdentifier>{7eafc3df-d7a2-4ed9-a824-f4eb9afe382e}</UniqueIdentifier>
    </Filter>
    <Filter Include="parsing">
      <UniqueIdentifier>{b6fcef23-7a90-4053-b4eb-0feb3a19d814}</UniqueIdentifier>
    </Filter>
    <Filter Include="parsing\lexer">
      <UniqueIdentifier>{f101e52c-e706-46ce-9f7e-254ada3681bb}</UniqueIdentifier>
    </Filter>
    <Filter Include="parsing\parser">
      <UniqueIdentifier>{4d97c7e2-7173-4b41-9393-b4c9361937b1}</UniqueIdentifier>
    </Filter>
    <Filter Include="eval">
      <UniqueIdentifier>{70ba463a-52d8-4f35-b875-dccfbecc32b5}</UniqueIdentifier>
    </Filter>
  </ItemGroup>
  <ItemGroup>
    <None Include="string\stringcore_tests.generated.inc">
      <Filter>string</Filter>
    </None>
    <None Include="string\stringextra_tests.generated.inc">
      <Filter>string</Filter>
    </None>
    <None Include="string\stringformat_tests.generated.inc">
      <Filter>string</Filter>
    </None>
    <None Include="string\stringhtml_tests.generated.inc">
      <Filter>string</Filter>
    </None>
    <None Include="testsuites.generated.inc" />
    <None Include="string\stringparse_tests.generated.inc">
      <Filter>string</Filter>
    </None>
    <None Include="string\stringunicode_tests.generated.inc">
      <Filter>string</Filter>
    </None>
    <None Include="dict\int32dict_tests.generated.inc">
      <Filter>dict</Filter>
    </None>
    <None Include="dict\stringdict_tests.generated.inc">
      <Filter>dict</Filter>
    </None>
    <None Include="dict\stringintdict_tests.generated.inc">
      <Filter>dict</Filter>
    </None>
    <None Include="parsing\lexer\lexercore_tests.generated.inc">
      <Filter>parsing\lexer</Filter>
    </None>
    <None Include="numeric\real32_tests.generated.inc">
      <Filter>numeric</Filter>
    </None>
    <None Include="numeric\real64_tests.generated.inc">
      <Filter>numeric</Filter>
    </None>
    <None Include="numeric\real128_tests.generated.inc">
      <Filter>numeric</Filter>
    </None>
    <None Include="env\symboltable_tests.generated.inc">
      <Filter>env</Filter>
    </None>
    <None Include="parsing\lexer\lexeridentifier_tests.generated.inc">
      <Filter>parsing\lexer</Filter>
    </None>
    <None Include="parsing\lexer\lexernumber_tests.generated.inc">
      <Filter>parsing\lexer</Filter>
    </None>
    <None Include="parsing\lexer\lexerpunctuation_tests.generated.inc">
      <Filter>parsing\lexer</Filter>
    </None>
    <None Include="parsing\lexer\lexerstring_tests.generated.inc">
      <Filter>parsing\lexer</Filter>
    </None>
    <None Include="parsing\lexer\lexerunicode_tests.generated.inc">
      <Filter>parsing\lexer</Filter>
    </None>
  </ItemGroup>
  <ItemGroup>
    <Media Include="..\smilelib\bin\$(Platform)-$(Configuration)\SmileLib.dll" />
  </ItemGroup>
</Project>